// !$*UTF8*$!
{
	archiveVersion = 1;
	classes = {
	};
	objectVersion = 46;
	objects = {

/* Begin PBXBuildFile section */
		5B2750241AD3080E004CC2C4 /* UIImage+Resize.m in Sources */ = {isa = PBXBuildFile; fileRef = 5B2750231AD3080E004CC2C4 /* UIImage+Resize.m */; };
		5B2750291AD30C47004CC2C4 /* UIImage+Alpha.m in Sources */ = {isa = PBXBuildFile; fileRef = 5B2750261AD30C47004CC2C4 /* UIImage+Alpha.m */; };
		5B27502A1AD30C47004CC2C4 /* UIImage+RoundedCorner.m in Sources */ = {isa = PBXBuildFile; fileRef = 5B2750281AD30C47004CC2C4 /* UIImage+RoundedCorner.m */; };
		5B2750431AD37C7C004CC2C4 /* Machinato Bold Italic.ttf in Resources */ = {isa = PBXBuildFile; fileRef = 5B2750391AD37C7C004CC2C4 /* Machinato Bold Italic.ttf */; };
		5B2750441AD37C7C004CC2C4 /* Machinato Bold.ttf in Resources */ = {isa = PBXBuildFile; fileRef = 5B27503A1AD37C7C004CC2C4 /* Machinato Bold.ttf */; };
		5B2750451AD37C7C004CC2C4 /* Machinato ExtraLight Italic.ttf in Resources */ = {isa = PBXBuildFile; fileRef = 5B27503B1AD37C7C004CC2C4 /* Machinato ExtraLight Italic.ttf */; };
		5B2750461AD37C7C004CC2C4 /* Machinato ExtraLight.ttf in Resources */ = {isa = PBXBuildFile; fileRef = 5B27503C1AD37C7C004CC2C4 /* Machinato ExtraLight.ttf */; };
		5B2750471AD37C7C004CC2C4 /* Machinato Italic.ttf in Resources */ = {isa = PBXBuildFile; fileRef = 5B27503D1AD37C7C004CC2C4 /* Machinato Italic.ttf */; };
		5B2750481AD37C7C004CC2C4 /* Machinato Light Italic.ttf in Resources */ = {isa = PBXBuildFile; fileRef = 5B27503E1AD37C7C004CC2C4 /* Machinato Light Italic.ttf */; };
		5B2750491AD37C7C004CC2C4 /* Machinato Light.ttf in Resources */ = {isa = PBXBuildFile; fileRef = 5B27503F1AD37C7C004CC2C4 /* Machinato Light.ttf */; };
		5B27504A1AD37C7C004CC2C4 /* Machinato SemiBold Italic.ttf in Resources */ = {isa = PBXBuildFile; fileRef = 5B2750401AD37C7C004CC2C4 /* Machinato SemiBold Italic.ttf */; };
		5B27504B1AD37C7C004CC2C4 /* Machinato SemiBold.ttf in Resources */ = {isa = PBXBuildFile; fileRef = 5B2750411AD37C7C004CC2C4 /* Machinato SemiBold.ttf */; };
		5B27504C1AD37C7C004CC2C4 /* Machinato.ttf in Resources */ = {isa = PBXBuildFile; fileRef = 5B2750421AD37C7C004CC2C4 /* Machinato.ttf */; };
		5B28868D1ACDBA8200568400 /* LibraryData.m in Sources */ = {isa = PBXBuildFile; fileRef = 5B28868C1ACDBA8200568400 /* LibraryData.m */; };
		5B28869A1AD09AF900568400 /* NSNull+Json.m in Sources */ = {isa = PBXBuildFile; fileRef = 5B2886991AD09AF900568400 /* NSNull+Json.m */; };
		5B28869E1AD2598700568400 /* bg.png in Resources */ = {isa = PBXBuildFile; fileRef = 5B28869D1AD2598700568400 /* bg.png */; };
		5B29B0B81ACCC57F00FA0B77 /* main.m in Sources */ = {isa = PBXBuildFile; fileRef = 5B29B0B71ACCC57F00FA0B77 /* main.m */; };
		5B29B0BB1ACCC57F00FA0B77 /* LibraryAppDelegate.m in Sources */ = {isa = PBXBuildFile; fileRef = 5B29B0BA1ACCC57F00FA0B77 /* LibraryAppDelegate.m */; };
		5B29B0BE1ACCC57F00FA0B77 /* MasterViewController.m in Sources */ = {isa = PBXBuildFile; fileRef = 5B29B0BD1ACCC57F00FA0B77 /* MasterViewController.m */; };
		5B29B0C11ACCC57F00FA0B77 /* DetailViewController.m in Sources */ = {isa = PBXBuildFile; fileRef = 5B29B0C01ACCC57F00FA0B77 /* DetailViewController.m */; };
		5B29B0C41ACCC57F00FA0B77 /* Main.storyboard in Resources */ = {isa = PBXBuildFile; fileRef = 5B29B0C21ACCC57F00FA0B77 /* Main.storyboard */; };
		5B29B0C61ACCC57F00FA0B77 /* Images.xcassets in Resources */ = {isa = PBXBuildFile; fileRef = 5B29B0C51ACCC57F00FA0B77 /* Images.xcassets */; };
		5B29B0C91ACCC57F00FA0B77 /* LaunchScreen.xib in Resources */ = {isa = PBXBuildFile; fileRef = 5B29B0C71ACCC57F00FA0B77 /* LaunchScreen.xib */; };
		5B29B0D51ACCC57F00FA0B77 /* prolificTests.m in Sources */ = {isa = PBXBuildFile; fileRef = 5B29B0D41ACCC57F00FA0B77 /* prolificTests.m */; };
		5B29B0E01ACCDC1900FA0B77 /* AddBookViewController.m in Sources */ = {isa = PBXBuildFile; fileRef = 5B29B0DF1ACCDC1900FA0B77 /* AddBookViewController.m */; };
/* End PBXBuildFile section */

/* Begin PBXContainerItemProxy section */
		5B29B0CF1ACCC57F00FA0B77 /* PBXContainerItemProxy */ = {
			isa = PBXContainerItemProxy;
			containerPortal = 5B29B0AA1ACCC57F00FA0B77 /* Project object */;
			proxyType = 1;
			remoteGlobalIDString = 5B29B0B11ACCC57F00FA0B77;
			remoteInfo = prolific;
		};
/* End PBXContainerItemProxy section */

/* Begin PBXFileReference section */
		5B2750221AD3080E004CC2C4 /* UIImage+Resize.h */ = {isa = PBXFileReference; fileEncoding = 4; lastKnownFileType = sourcecode.c.h; path = "UIImage+Resize.h"; sourceTree = "<group>"; };
		5B2750231AD3080E004CC2C4 /* UIImage+Resize.m */ = {isa = PBXFileReference; fileEncoding = 4; lastKnownFileType = sourcecode.c.objc; path = "UIImage+Resize.m"; sourceTree = "<group>"; };
		5B2750251AD30C47004CC2C4 /* UIImage+Alpha.h */ = {isa = PBXFileReference; fileEncoding = 4; lastKnownFileType = sourcecode.c.h; path = "UIImage+Alpha.h"; sourceTree = "<group>"; };
		5B2750261AD30C47004CC2C4 /* UIImage+Alpha.m */ = {isa = PBXFileReference; fileEncoding = 4; lastKnownFileType = sourcecode.c.objc; path = "UIImage+Alpha.m"; sourceTree = "<group>"; };
		5B2750271AD30C47004CC2C4 /* UIImage+RoundedCorner.h */ = {isa = PBXFileReference; fileEncoding = 4; lastKnownFileType = sourcecode.c.h; path = "UIImage+RoundedCorner.h"; sourceTree = "<group>"; };
		5B2750281AD30C47004CC2C4 /* UIImage+RoundedCorner.m */ = {isa = PBXFileReference; fileEncoding = 4; lastKnownFileType = sourcecode.c.objc; path = "UIImage+RoundedCorner.m"; sourceTree = "<group>"; };
		5B2750391AD37C7C004CC2C4 /* Machinato Bold Italic.ttf */ = {isa = PBXFileReference; lastKnownFileType = file; path = "Machinato Bold Italic.ttf"; sourceTree = "<group>"; };
		5B27503A1AD37C7C004CC2C4 /* Machinato Bold.ttf */ = {isa = PBXFileReference; lastKnownFileType = file; path = "Machinato Bold.ttf"; sourceTree = "<group>"; };
		5B27503B1AD37C7C004CC2C4 /* Machinato ExtraLight Italic.ttf */ = {isa = PBXFileReference; lastKnownFileType = file; path = "Machinato ExtraLight Italic.ttf"; sourceTree = "<group>"; };
		5B27503C1AD37C7C004CC2C4 /* Machinato ExtraLight.ttf */ = {isa = PBXFileReference; lastKnownFileType = file; path = "Machinato ExtraLight.ttf"; sourceTree = "<group>"; };
		5B27503D1AD37C7C004CC2C4 /* Machinato Italic.ttf */ = {isa = PBXFileReference; lastKnownFileType = file; path = "Machinato Italic.ttf"; sourceTree = "<group>"; };
		5B27503E1AD37C7C004CC2C4 /* Machinato Light Italic.ttf */ = {isa = PBXFileReference; lastKnownFileType = file; path = "Machinato Light Italic.ttf"; sourceTree = "<group>"; };
		5B27503F1AD37C7C004CC2C4 /* Machinato Light.ttf */ = {isa = PBXFileReference; lastKnownFileType = file; path = "Machinato Light.ttf"; sourceTree = "<group>"; };
		5B2750401AD37C7C004CC2C4 /* Machinato SemiBold Italic.ttf */ = {isa = PBXFileReference; lastKnownFileType = file; path = "Machinato SemiBold Italic.ttf"; sourceTree = "<group>"; };
		5B2750411AD37C7C004CC2C4 /* Machinato SemiBold.ttf */ = {isa = PBXFileReference; lastKnownFileType = file; path = "Machinato SemiBold.ttf"; sourceTree = "<group>"; };
		5B2750421AD37C7C004CC2C4 /* Machinato.ttf */ = {isa = PBXFileReference; lastKnownFileType = file; path = Machinato.ttf; sourceTree = "<group>"; };
		5B28868B1ACDBA8200568400 /* LibraryData.h */ = {isa = PBXFileReference; fileEncoding = 4; lastKnownFileType = sourcecode.c.h; path = LibraryData.h; sourceTree = "<group>"; };
		5B28868C1ACDBA8200568400 /* LibraryData.m */ = {isa = PBXFileReference; fileEncoding = 4; lastKnownFileType = sourcecode.c.objc; path = LibraryData.m; sourceTree = "<group>"; };
		5B2886981AD09AF900568400 /* NSNull+Json.h */ = {isa = PBXFileReference; fileEncoding = 4; lastKnownFileType = sourcecode.c.h; name = "NSNull+Json.h"; path = "prolific/NSNull+Json.h"; sourceTree = "<group>"; };
		5B2886991AD09AF900568400 /* NSNull+Json.m */ = {isa = PBXFileReference; fileEncoding = 4; lastKnownFileType = sourcecode.c.objc; name = "NSNull+Json.m"; path = "prolific/NSNull+Json.m"; sourceTree = "<group>"; };
		5B28869D1AD2598700568400 /* bg.png */ = {isa = PBXFileReference; lastKnownFileType = image.png; path = bg.png; sourceTree = "<group>"; };
		5B29B0B21ACCC57F00FA0B77 /* prolific.app */ = {isa = PBXFileReference; explicitFileType = wrapper.application; includeInIndex = 0; path = prolific.app; sourceTree = BUILT_PRODUCTS_DIR; };
		5B29B0B61ACCC57F00FA0B77 /* Info.plist */ = {isa = PBXFileReference; lastKnownFileType = text.plist.xml; path = Info.plist; sourceTree = "<group>"; };
		5B29B0B71ACCC57F00FA0B77 /* main.m */ = {isa = PBXFileReference; lastKnownFileType = sourcecode.c.objc; path = main.m; sourceTree = "<group>"; };
		5B29B0B91ACCC57F00FA0B77 /* LibraryAppDelegate.h */ = {isa = PBXFileReference; lastKnownFileType = sourcecode.c.h; path = LibraryAppDelegate.h; sourceTree = "<group>"; };
		5B29B0BA1ACCC57F00FA0B77 /* LibraryAppDelegate.m */ = {isa = PBXFileReference; lastKnownFileType = sourcecode.c.objc; path = LibraryAppDelegate.m; sourceTree = "<group>"; };
		5B29B0BC1ACCC57F00FA0B77 /* MasterViewController.h */ = {isa = PBXFileReference; lastKnownFileType = sourcecode.c.h; path = MasterViewController.h; sourceTree = "<group>"; };
		5B29B0BD1ACCC57F00FA0B77 /* MasterViewController.m */ = {isa = PBXFileReference; lastKnownFileType = sourcecode.c.objc; path = MasterViewController.m; sourceTree = "<group>"; };
		5B29B0BF1ACCC57F00FA0B77 /* DetailViewController.h */ = {isa = PBXFileReference; lastKnownFileType = sourcecode.c.h; path = DetailViewController.h; sourceTree = "<group>"; };
		5B29B0C01ACCC57F00FA0B77 /* DetailViewController.m */ = {isa = PBXFileReference; lastKnownFileType = sourcecode.c.objc; path = DetailViewController.m; sourceTree = "<group>"; };
		5B29B0C31ACCC57F00FA0B77 /* Base */ = {isa = PBXFileReference; lastKnownFileType = file.storyboard; name = Base; path = Base.lproj/Main.storyboard; sourceTree = "<group>"; };
		5B29B0C51ACCC57F00FA0B77 /* Images.xcassets */ = {isa = PBXFileReference; lastKnownFileType = folder.assetcatalog; path = Images.xcassets; sourceTree = "<group>"; };
		5B29B0C81ACCC57F00FA0B77 /* Base */ = {isa = PBXFileReference; lastKnownFileType = file.xib; name = Base; path = Base.lproj/LaunchScreen.xib; sourceTree = "<group>"; };
		5B29B0CE1ACCC57F00FA0B77 /* prolificTests.xctest */ = {isa = PBXFileReference; explicitFileType = wrapper.cfbundle; includeInIndex = 0; path = prolificTests.xctest; sourceTree = BUILT_PRODUCTS_DIR; };
		5B29B0D31ACCC57F00FA0B77 /* Info.plist */ = {isa = PBXFileReference; lastKnownFileType = text.plist.xml; path = Info.plist; sourceTree = "<group>"; };
		5B29B0D41ACCC57F00FA0B77 /* prolificTests.m */ = {isa = PBXFileReference; lastKnownFileType = sourcecode.c.objc; path = prolificTests.m; sourceTree = "<group>"; };
		5B29B0DE1ACCDC1900FA0B77 /* AddBookViewController.h */ = {isa = PBXFileReference; fileEncoding = 4; lastKnownFileType = sourcecode.c.h; path = AddBookViewController.h; sourceTree = "<group>"; };
		5B29B0DF1ACCDC1900FA0B77 /* AddBookViewController.m */ = {isa = PBXFileReference; fileEncoding = 4; lastKnownFileType = sourcecode.c.objc; path = AddBookViewController.m; sourceTree = "<group>"; };
/* End PBXFileReference section */

/* Begin PBXFrameworksBuildPhase section */
		5B29B0AF1ACCC57F00FA0B77 /* Frameworks */ = {
			isa = PBXFrameworksBuildPhase;
			buildActionMask = 2147483647;
			files = (
			);
			runOnlyForDeploymentPostprocessing = 0;
		};
		5B29B0CB1ACCC57F00FA0B77 /* Frameworks */ = {
			isa = PBXFrameworksBuildPhase;
			buildActionMask = 2147483647;
			files = (
			);
			runOnlyForDeploymentPostprocessing = 0;
		};
/* End PBXFrameworksBuildPhase section */

/* Begin PBXGroup section */
		5B27502B1AD37C11004CC2C4 /* Resources */ = {
			isa = PBXGroup;
			children = (
				5B2750381AD37C6A004CC2C4 /* Fonts */,
			);
			name = Resources;
			sourceTree = "<group>";
		};
		5B2750381AD37C6A004CC2C4 /* Fonts */ = {
			isa = PBXGroup;
			children = (
				5B2750391AD37C7C004CC2C4 /* Machinato Bold Italic.ttf */,
				5B27503A1AD37C7C004CC2C4 /* Machinato Bold.ttf */,
				5B27503B1AD37C7C004CC2C4 /* Machinato ExtraLight Italic.ttf */,
				5B27503C1AD37C7C004CC2C4 /* Machinato ExtraLight.ttf */,
				5B27503D1AD37C7C004CC2C4 /* Machinato Italic.ttf */,
				5B27503E1AD37C7C004CC2C4 /* Machinato Light Italic.ttf */,
				5B27503F1AD37C7C004CC2C4 /* Machinato Light.ttf */,
				5B2750401AD37C7C004CC2C4 /* Machinato SemiBold Italic.ttf */,
				5B2750411AD37C7C004CC2C4 /* Machinato SemiBold.ttf */,
				5B2750421AD37C7C004CC2C4 /* Machinato.ttf */,
			);
			name = Fonts;
			sourceTree = "<group>";
		};
		5B29B0A91ACCC57F00FA0B77 = {
			isa = PBXGroup;
			children = (
				5B2886981AD09AF900568400 /* NSNull+Json.h */,
				5B2886991AD09AF900568400 /* NSNull+Json.m */,
				5B29B0B41ACCC57F00FA0B77 /* prolific */,
				5B29B0D11ACCC57F00FA0B77 /* prolificTests */,
				5B29B0B31ACCC57F00FA0B77 /* Products */,
			);
			sourceTree = "<group>";
		};
		5B29B0B31ACCC57F00FA0B77 /* Products */ = {
			isa = PBXGroup;
			children = (
				5B29B0B21ACCC57F00FA0B77 /* prolific.app */,
				5B29B0CE1ACCC57F00FA0B77 /* prolificTests.xctest */,
			);
			name = Products;
			sourceTree = "<group>";
		};
		5B29B0B41ACCC57F00FA0B77 /* prolific */ = {
			isa = PBXGroup;
			children = (
				5B27502B1AD37C11004CC2C4 /* Resources */,
				5B29B0B91ACCC57F00FA0B77 /* LibraryAppDelegate.h */,
				5B29B0BA1ACCC57F00FA0B77 /* LibraryAppDelegate.m */,
				5B29B0BC1ACCC57F00FA0B77 /* MasterViewController.h */,
				5B29B0BD1ACCC57F00FA0B77 /* MasterViewController.m */,
				5B28868B1ACDBA8200568400 /* LibraryData.h */,
				5B28868C1ACDBA8200568400 /* LibraryData.m */,
				5B28869D1AD2598700568400 /* bg.png */,
				5B29B0BF1ACCC57F00FA0B77 /* DetailViewController.h */,
				5B29B0C01ACCC57F00FA0B77 /* DetailViewController.m */,
				5B2750221AD3080E004CC2C4 /* UIImage+Resize.h */,
				5B2750231AD3080E004CC2C4 /* UIImage+Resize.m */,
				5B2750251AD30C47004CC2C4 /* UIImage+Alpha.h */,
				5B2750261AD30C47004CC2C4 /* UIImage+Alpha.m */,
				5B2750271AD30C47004CC2C4 /* UIImage+RoundedCorner.h */,
				5B2750281AD30C47004CC2C4 /* UIImage+RoundedCorner.m */,
				5B29B0C21ACCC57F00FA0B77 /* Main.storyboard */,
				5B29B0DE1ACCDC1900FA0B77 /* AddBookViewController.h */,
				5B29B0DF1ACCDC1900FA0B77 /* AddBookViewController.m */,
				5B29B0C51ACCC57F00FA0B77 /* Images.xcassets */,
				5B29B0C71ACCC57F00FA0B77 /* LaunchScreen.xib */,
				5B29B0B51ACCC57F00FA0B77 /* Supporting Files */,
			);
			path = prolific;
			sourceTree = "<group>";
		};
		5B29B0B51ACCC57F00FA0B77 /* Supporting Files */ = {
			isa = PBXGroup;
			children = (
				5B29B0B61ACCC57F00FA0B77 /* Info.plist */,
				5B29B0B71ACCC57F00FA0B77 /* main.m */,
			);
			name = "Supporting Files";
			sourceTree = "<group>";
		};
		5B29B0D11ACCC57F00FA0B77 /* prolificTests */ = {
			isa = PBXGroup;
			children = (
				5B29B0D41ACCC57F00FA0B77 /* prolificTests.m */,
				5B29B0D21ACCC57F00FA0B77 /* Supporting Files */,
			);
			path = prolificTests;
			sourceTree = "<group>";
		};
		5B29B0D21ACCC57F00FA0B77 /* Supporting Files */ = {
			isa = PBXGroup;
			children = (
				5B29B0D31ACCC57F00FA0B77 /* Info.plist */,
			);
			name = "Supporting Files";
			sourceTree = "<group>";
		};
/* End PBXGroup section */

/* Begin PBXNativeTarget section */
		5B29B0B11ACCC57F00FA0B77 /* prolific */ = {
			isa = PBXNativeTarget;
			buildConfigurationList = 5B29B0D81ACCC57F00FA0B77 /* Build configuration list for PBXNativeTarget "prolific" */;
			buildPhases = (
				5B29B0AE1ACCC57F00FA0B77 /* Sources */,
				5B29B0AF1ACCC57F00FA0B77 /* Frameworks */,
				5B29B0B01ACCC57F00FA0B77 /* Resources */,
			);
			buildRules = (
			);
			dependencies = (
			);
			name = prolific;
			productName = prolific;
			productReference = 5B29B0B21ACCC57F00FA0B77 /* prolific.app */;
			productType = "com.apple.product-type.application";
		};
		5B29B0CD1ACCC57F00FA0B77 /* prolificTests */ = {
			isa = PBXNativeTarget;
			buildConfigurationList = 5B29B0DB1ACCC57F00FA0B77 /* Build configuration list for PBXNativeTarget "prolificTests" */;
			buildPhases = (
				5B29B0CA1ACCC57F00FA0B77 /* Sources */,
				5B29B0CB1ACCC57F00FA0B77 /* Frameworks */,
				5B29B0CC1ACCC57F00FA0B77 /* Resources */,
			);
			buildRules = (
			);
			dependencies = (
				5B29B0D01ACCC57F00FA0B77 /* PBXTargetDependency */,
			);
			name = prolificTests;
			productName = prolificTests;
			productReference = 5B29B0CE1ACCC57F00FA0B77 /* prolificTests.xctest */;
			productType = "com.apple.product-type.bundle.unit-test";
		};
/* End PBXNativeTarget section */

/* Begin PBXProject section */
		5B29B0AA1ACCC57F00FA0B77 /* Project object */ = {
			isa = PBXProject;
			attributes = {
				LastUpgradeCheck = 0610;
				ORGANIZATIONNAME = "Liu Di";
				TargetAttributes = {
					5B29B0B11ACCC57F00FA0B77 = {
						CreatedOnToolsVersion = 6.1.1;
					};
					5B29B0CD1ACCC57F00FA0B77 = {
						CreatedOnToolsVersion = 6.1.1;
						TestTargetID = 5B29B0B11ACCC57F00FA0B77;
					};
				};
			};
			buildConfigurationList = 5B29B0AD1ACCC57F00FA0B77 /* Build configuration list for PBXProject "prolific" */;
			compatibilityVersion = "Xcode 3.2";
			developmentRegion = English;
			hasScannedForEncodings = 0;
			knownRegions = (
				en,
				Base,
			);
			mainGroup = 5B29B0A91ACCC57F00FA0B77;
			productRefGroup = 5B29B0B31ACCC57F00FA0B77 /* Products */;
			projectDirPath = "";
			projectRoot = "";
			targets = (
				5B29B0B11ACCC57F00FA0B77 /* prolific */,
				5B29B0CD1ACCC57F00FA0B77 /* prolificTests */,
			);
		};
/* End PBXProject section */

/* Begin PBXResourcesBuildPhase section */
		5B29B0B01ACCC57F00FA0B77 /* Resources */ = {
			isa = PBXResourcesBuildPhase;
			buildActionMask = 2147483647;
			files = (
				5B27504B1AD37C7C004CC2C4 /* Machinato SemiBold.ttf in Resources */,
				5B29B0C41ACCC57F00FA0B77 /* Main.storyboard in Resources */,
				5B29B0C91ACCC57F00FA0B77 /* LaunchScreen.xib in Resources */,
				5B27504A1AD37C7C004CC2C4 /* Machinato SemiBold Italic.ttf in Resources */,
				5B2750481AD37C7C004CC2C4 /* Machinato Light Italic.ttf in Resources */,
				5B27504C1AD37C7C004CC2C4 /* Machinato.ttf in Resources */,
				5B2750431AD37C7C004CC2C4 /* Machinato Bold Italic.ttf in Resources */,
				5B2750441AD37C7C004CC2C4 /* Machinato Bold.ttf in Resources */,
				5B2750461AD37C7C004CC2C4 /* Machinato ExtraLight.ttf in Resources */,
				5B2750451AD37C7C004CC2C4 /* Machinato ExtraLight Italic.ttf in Resources */,
				5B28869E1AD2598700568400 /* bg.png in Resources */,
				5B2750491AD37C7C004CC2C4 /* Machinato Light.ttf in Resources */,
				5B29B0C61ACCC57F00FA0B77 /* Images.xcassets in Resources */,
				5B2750471AD37C7C004CC2C4 /* Machinato Italic.ttf in Resources */,
			);
			runOnlyForDeploymentPostprocessing = 0;
		};
		5B29B0CC1ACCC57F00FA0B77 /* Resources */ = {
			isa = PBXResourcesBuildPhase;
			buildActionMask = 2147483647;
			files = (
			);
			runOnlyForDeploymentPostprocessing = 0;
		};
/* End PBXResourcesBuildPhase section */

/* Begin PBXSourcesBuildPhase section */
		5B29B0AE1ACCC57F00FA0B77 /* Sources */ = {
			isa = PBXSourcesBuildPhase;
			buildActionMask = 2147483647;
			files = (
				5B29B0BB1ACCC57F00FA0B77 /* LibraryAppDelegate.m in Sources */,
				5B29B0BE1ACCC57F00FA0B77 /* MasterViewController.m in Sources */,
				5B28869A1AD09AF900568400 /* NSNull+Json.m in Sources */,
				5B27502A1AD30C47004CC2C4 /* UIImage+RoundedCorner.m in Sources */,
				5B29B0B81ACCC57F00FA0B77 /* main.m in Sources */,
				5B29B0E01ACCDC1900FA0B77 /* AddBookViewController.m in Sources */,
				5B2750291AD30C47004CC2C4 /* UIImage+Alpha.m in Sources */,
				5B29B0C11ACCC57F00FA0B77 /* DetailViewController.m in Sources */,
				5B28868D1ACDBA8200568400 /* LibraryData.m in Sources */,
				5B2750241AD3080E004CC2C4 /* UIImage+Resize.m in Sources */,
			);
			runOnlyForDeploymentPostprocessing = 0;
		};
		5B29B0CA1ACCC57F00FA0B77 /* Sources */ = {
			isa = PBXSourcesBuildPhase;
			buildActionMask = 2147483647;
			files = (
				5B29B0D51ACCC57F00FA0B77 /* prolificTests.m in Sources */,
			);
			runOnlyForDeploymentPostprocessing = 0;
		};
/* End PBXSourcesBuildPhase section */

/* Begin PBXTargetDependency section */
		5B29B0D01ACCC57F00FA0B77 /* PBXTargetDependency */ = {
			isa = PBXTargetDependency;
			target = 5B29B0B11ACCC57F00FA0B77 /* prolific */;
			targetProxy = 5B29B0CF1ACCC57F00FA0B77 /* PBXContainerItemProxy */;
		};
/* End PBXTargetDependency section */

/* Begin PBXVariantGroup section */
		5B29B0C21ACCC57F00FA0B77 /* Main.storyboard */ = {
			isa = PBXVariantGroup;
			children = (
				5B29B0C31ACCC57F00FA0B77 /* Base */,
			);
			name = Main.storyboard;
			sourceTree = "<group>";
		};
		5B29B0C71ACCC57F00FA0B77 /* LaunchScreen.xib */ = {
			isa = PBXVariantGroup;
			children = (
				5B29B0C81ACCC57F00FA0B77 /* Base */,
			);
			name = LaunchScreen.xib;
			sourceTree = "<group>";
		};
/* End PBXVariantGroup section */

/* Begin XCBuildConfiguration section */
		5B29B0D61ACCC57F00FA0B77 /* Debug */ = {
			isa = XCBuildConfiguration;
			buildSettings = {
				ALWAYS_SEARCH_USER_PATHS = NO;
				CLANG_CXX_LANGUAGE_STANDARD = "gnu++0x";
				CLANG_CXX_LIBRARY = "libc++";
				CLANG_ENABLE_MODULES = YES;
				CLANG_ENABLE_OBJC_ARC = YES;
				CLANG_WARN_BOOL_CONVERSION = YES;
				CLANG_WARN_CONSTANT_CONVERSION = YES;
				CLANG_WARN_DIRECT_OBJC_ISA_USAGE = YES_ERROR;
				CLANG_WARN_EMPTY_BODY = YES;
				CLANG_WARN_ENUM_CONVERSION = YES;
				CLANG_WARN_INT_CONVERSION = YES;
				CLANG_WARN_OBJC_ROOT_CLASS = YES_ERROR;
				CLANG_WARN_UNREACHABLE_CODE = YES;
				CLANG_WARN__DUPLICATE_METHOD_MATCH = YES;
				"CODE_SIGN_IDENTITY[sdk=iphoneos*]" = "iPhone Developer";
				COPY_PHASE_STRIP = NO;
				ENABLE_STRICT_OBJC_MSGSEND = YES;
				GCC_C_LANGUAGE_STANDARD = gnu99;
				GCC_DYNAMIC_NO_PIC = NO;
				GCC_OPTIMIZATION_LEVEL = 0;
				GCC_PREPROCESSOR_DEFINITIONS = (
					"DEBUG=1",
					"$(inherited)",
				);
				GCC_SYMBOLS_PRIVATE_EXTERN = NO;
				GCC_WARN_64_TO_32_BIT_CONVERSION = YES;
				GCC_WARN_ABOUT_RETURN_TYPE = YES_ERROR;
				GCC_WARN_UNDECLARED_SELECTOR = YES;
				GCC_WARN_UNINITIALIZED_AUTOS = YES_AGGRESSIVE;
				GCC_WARN_UNUSED_FUNCTION = YES;
				GCC_WARN_UNUSED_VARIABLE = YES;
				IPHONEOS_DEPLOYMENT_TARGET = 8.1;
				MTL_ENABLE_DEBUG_INFO = YES;
				ONLY_ACTIVE_ARCH = YES;
				SDKROOT = iphoneos;
				TARGETED_DEVICE_FAMILY = "1,2";
			};
			name = Debug;
		};
		5B29B0D71ACCC57F00FA0B77 /* Release */ = {
			isa = XCBuildConfiguration;
			buildSettings = {
				ALWAYS_SEARCH_USER_PATHS = NO;
				CLANG_CXX_LANGUAGE_STANDARD = "gnu++0x";
				CLANG_CXX_LIBRARY = "libc++";
				CLANG_ENABLE_MODULES = YES;
				CLANG_ENABLE_OBJC_ARC = YES;
				CLANG_WARN_BOOL_CONVERSION = YES;
				CLANG_WARN_CONSTANT_CONVERSION = YES;
				CLANG_WARN_DIRECT_OBJC_ISA_USAGE = YES_ERROR;
				CLANG_WARN_EMPTY_BODY = YES;
				CLANG_WARN_ENUM_CONVERSION = YES;
				CLANG_WARN_INT_CONVERSION = YES;
				CLANG_WARN_OBJC_ROOT_CLASS = YES_ERROR;
				CLANG_WARN_UNREACHABLE_CODE = YES;
				CLANG_WARN__DUPLICATE_METHOD_MATCH = YES;
				"CODE_SIGN_IDENTITY[sdk=iphoneos*]" = "iPhone Developer";
				COPY_PHASE_STRIP = YES;
				ENABLE_NS_ASSERTIONS = NO;
				ENABLE_STRICT_OBJC_MSGSEND = YES;
				GCC_C_LANGUAGE_STANDARD = gnu99;
				GCC_WARN_64_TO_32_BIT_CONVERSION = YES;
				GCC_WARN_ABOUT_RETURN_TYPE = YES_ERROR;
				GCC_WARN_UNDECLARED_SELECTOR = YES;
				GCC_WARN_UNINITIALIZED_AUTOS = YES_AGGRESSIVE;
				GCC_WARN_UNUSED_FUNCTION = YES;
				GCC_WARN_UNUSED_VARIABLE = YES;
				IPHONEOS_DEPLOYMENT_TARGET = 8.1;
				MTL_ENABLE_DEBUG_INFO = NO;
				SDKROOT = iphoneos;
				TARGETED_DEVICE_FAMILY = "1,2";
				VALIDATE_PRODUCT = YES;
			};
			name = Release;
		};
		5B29B0D91ACCC57F00FA0B77 /* Debug */ = {
			isa = XCBuildConfiguration;
			buildSettings = {
				ASSETCATALOG_COMPILER_APPICON_NAME = AppIcon;
				INFOPLIST_FILE = prolific/Info.plist;
				LD_RUNPATH_SEARCH_PATHS = "$(inherited) @executable_path/Frameworks";
				PRODUCT_NAME = "$(TARGET_NAME)";
			};
			name = Debug;
		};
		5B29B0DA1ACCC57F00FA0B77 /* Release */ = {
			isa = XCBuildConfiguration;
			buildSettings = {
				ASSETCATALOG_COMPILER_APPICON_NAME = AppIcon;
				INFOPLIST_FILE = prolific/Info.plist;
				LD_RUNPATH_SEARCH_PATHS = "$(inherited) @executable_path/Frameworks";
				PRODUCT_NAME = "$(TARGET_NAME)";
			};
			name = Release;
		};
		5B29B0DC1ACCC57F00FA0B77 /* Debug */ = {
			isa = XCBuildConfiguration;
			buildSettings = {
				BUNDLE_LOADER = "$(TEST_HOST)";
				FRAMEWORK_SEARCH_PATHS = (
					"$(SDKROOT)/Developer/Library/Frameworks",
					"$(inherited)",
				);
				GCC_PREPROCESSOR_DEFINITIONS = (
					"DEBUG=1",
					"$(inherited)",
				);
				INFOPLIST_FILE = prolificTests/Info.plist;
				LD_RUNPATH_SEARCH_PATHS = "$(inherited) @executable_path/Frameworks @loader_path/Frameworks";
				PRODUCT_NAME = "$(TARGET_NAME)";
				TEST_HOST = "$(BUILT_PRODUCTS_DIR)/prolific.app/prolific";
			};
			name = Debug;
		};
		5B29B0DD1ACCC57F00FA0B77 /* Release */ = {
			isa = XCBuildConfiguration;
			buildSettings = {
				BUNDLE_LOADER = "$(TEST_HOST)";
				FRAMEWORK_SEARCH_PATHS = (
					"$(SDKROOT)/Developer/Library/Frameworks",
					"$(inherited)",
				);
				INFOPLIST_FILE = prolificTests/Info.plist;
				LD_RUNPATH_SEARCH_PATHS = "$(inherited) @executable_path/Frameworks @loader_path/Frameworks";
				PRODUCT_NAME = "$(TARGET_NAME)";
				TEST_HOST = "$(BUILT_PRODUCTS_DIR)/prolific.app/prolific";
			};
			name = Release;
		};
/* End XCBuildConfiguration section */

/* Begin XCConfigurationList section */
		5B29B0AD1ACCC57F00FA0B77 /* Build configuration list for PBXProject "prolific" */ = {
			isa = XCConfigurationList;
			buildConfigurations = (
				5B29B0D61ACCC57F00FA0B77 /* Debug */,
				5B29B0D71ACCC57F00FA0B77 /* Release */,
			);
			defaultConfigurationIsVisible = 0;
			defaultConfigurationName = Release;
		};
		5B29B0D81ACCC57F00FA0B77 /* Build configuration list for PBXNativeTarget "prolific" */ = {
			isa = XCConfigurationList;
			buildConfigurations = (
				5B29B0D91ACCC57F00FA0B77 /* Debug */,
				5B29B0DA1ACCC57F00FA0B77 /* Release */,
			);
			defaultConfigurationIsVisible = 0;
			defaultConfigurationName = Release;
		};
		5B29B0DB1ACCC57F00FA0B77 /* Build configuration list for PBXNativeTarget "prolificTests" */ = {
			isa = XCConfigurationList;
			buildConfigurations = (
				5B29B0DC1ACCC57F00FA0B77 /* Debug */,
				5B29B0DD1ACCC57F00FA0B77 /* Release */,
			);
			defaultConfigurationIsVisible = 0;
			defaultConfigurationName = Release;
		};
/* End XCConfigurationList section */
	};
	rootObject = 5B29B0AA1ACCC57F00FA0B77 /* Project object */;
}
